
Microsoft Visual Studio Solution File, Format Version 12.00
# Visual Studio Version 16
VisualStudioVersion = 16.0.29709.97
MinimumVisualStudioVersion = 10.0.40219.1
Project("{9A19103F-16F7-4668-BE54-9A1E7A4F7556}") = "PostPrivate", "PostPrivate\PostPrivate.csproj", "{C59AD754-27A0-4249-876F-0BBBDDE0E33A}"
EndProject
Global
	GlobalSection(SolutionConfigurationPlatforms) = preSolution
		Debug|Any CPU = Debug|Any CPU
		Release|Any CPU = Release|Any CPU
	EndGlobalSection
	GlobalSection(ProjectConfigurationPlatforms) = postSolution
		{C59AD754-27A0-4249-876F-0BBBDDE0E33A}.Debug|Any CPU.ActiveCfg = Debug|Any CPU
		{C59AD754-27A0-4249-876F-0BBBDDE0E33A}.Debug|Any CPU.Build.0 = Debug|Any CPU
		{C59AD754-27A0-4249-876F-0BBBDDE0E33A}.Release|Any CPU.ActiveCfg = Release|Any CPU
		{C59AD754-27A0-4249-876F-0BBBDDE0E33A}.Release|Any CPU.Build.0 = Release|Any CPU
	EndGlobalSection
	GlobalSection(SolutionProperties) = preSolution
		HideSolutionNode = FALSE
	EndGlobalSection
	GlobalSection(ExtensibilityGlobals) = postSolution
		SolutionGuid = {271C41B5-66F0-4C99-BDAE-8AA28829309A}
	EndGlobalSection
EndGlobal
